// !$*UTF8*$!
{
	archiveVersion = 1;
	classes = {
	};
	objectVersion = 55;
	objects = {

/* Begin PBXBuildFile section */
		D067D1F827F4DFCA002ED6C9 /* listitem.swift in Sources */ = {isa = PBXBuildFile; fileRef = D067D1F727F4DFCA002ED6C9 /* listitem.swift */; };
		D067D1FA27F4E2C1002ED6C9 /* listview.swift in Sources */ = {isa = PBXBuildFile; fileRef = D067D1F927F4E2C1002ED6C9 /* listview.swift */; };
		D067D20127F4EA7B002ED6C9 /* deta.swift in Sources */ = {isa = PBXBuildFile; fileRef = D067D20027F4EA7B002ED6C9 /* deta.swift */; };
		D07EC00B27F3C476001F61C9 /* DetailView.swift in Sources */ = {isa = PBXBuildFile; fileRef = D07EC00A27F3C476001F61C9 /* DetailView.swift */; };
		D07EC00D27F3C5C9001F61C9 /* CardView.swift in Sources */ = {isa = PBXBuildFile; fileRef = D07EC00C27F3C5C9001F61C9 /* CardView.swift */; };
		D07EC00F27F3C6E9001F61C9 /* HomeView.swift in Sources */ = {isa = PBXBuildFile; fileRef = D07EC00E27F3C6E9001F61C9 /* HomeView.swift */; };
		D0A3C55F27F118B800F0EC5B /* ______App.swift in Sources */ = {isa = PBXBuildFile; fileRef = D0A3C55E27F118B800F0EC5B /* ______App.swift */; };
		D0A3C56127F118B800F0EC5B /* ContentView.swift in Sources */ = {isa = PBXBuildFile; fileRef = D0A3C56027F118B800F0EC5B /* ContentView.swift */; };
		D0A3C56327F118BB00F0EC5B /* Assets.xcassets in Resources */ = {isa = PBXBuildFile; fileRef = D0A3C56227F118BB00F0EC5B /* Assets.xcassets */; };
		D0A3C56627F118BB00F0EC5B /* Preview Assets.xcassets in Resources */ = {isa = PBXBuildFile; fileRef = D0A3C56527F118BB00F0EC5B /* Preview Assets.xcassets */; };
/* End PBXBuildFile section */

/* Begin PBXFileReference section */
		D067D1F727F4DFCA002ED6C9 /* listitem.swift */ = {isa = PBXFileReference; lastKnownFileType = sourcecode.swift; path = listitem.swift; sourceTree = "<group>"; };
		D067D1F927F4E2C1002ED6C9 /* listview.swift */ = {isa = PBXFileReference; lastKnownFileType = sourcecode.swift; path = listview.swift; sourceTree = "<group>"; };
		D067D20027F4EA7B002ED6C9 /* deta.swift */ = {isa = PBXFileReference; lastKnownFileType = sourcecode.swift; path = deta.swift; sourceTree = "<group>"; };
		D07EC00A27F3C476001F61C9 /* DetailView.swift */ = {isa = PBXFileReference; lastKnownFileType = sourcecode.swift; path = DetailView.swift; sourceTree = "<group>"; };
		D07EC00C27F3C5C9001F61C9 /* CardView.swift */ = {isa = PBXFileReference; lastKnownFileType = sourcecode.swift; path = CardView.swift; sourceTree = "<group>"; };
		D07EC00E27F3C6E9001F61C9 /* HomeView.swift */ = {isa = PBXFileReference; lastKnownFileType = sourcecode.swift; path = HomeView.swift; sourceTree = "<group>"; };
		D0A3C55B27F118B800F0EC5B /* مُختصر.app */ = {isa = PBXFileReference; explicitFileType = wrapper.application; includeInIndex = 0; path = "مُختصر.app"; sourceTree = BUILT_PRODUCTS_DIR; };
		D0A3C55E27F118B800F0EC5B /* ______App.swift */ = {isa = PBXFileReference; lastKnownFileType = sourcecode.swift; path = "______App.swift"; sourceTree = "<group>"; };
		D0A3C56027F118B800F0EC5B /* ContentView.swift */ = {isa = PBXFileReference; lastKnownFileType = sourcecode.swift; path = ContentView.swift; sourceTree = "<group>"; };
		D0A3C56227F118BB00F0EC5B /* Assets.xcassets */ = {isa = PBXFileReference; lastKnownFileType = folder.assetcatalog; path = Assets.xcassets; sourceTree = "<group>"; };
		D0A3C56527F118BB00F0EC5B /* Preview Assets.xcassets */ = {isa = PBXFileReference; lastKnownFileType = folder.assetcatalog; path = "Preview Assets.xcassets"; sourceTree = "<group>"; };
/* End PBXFileReference section */

/* Begin PBXFrameworksBuildPhase section */
		D0A3C55827F118B800F0EC5B /* Frameworks */ = {
			isa = PBXFrameworksBuildPhase;
			buildActionMask = 2147483647;
			files = (
			);
			runOnlyForDeploymentPostprocessing = 0;
		};
/* End PBXFrameworksBuildPhase section */

/* Begin PBXGroup section */
		D067D1FB27F4E8D3002ED6C9 /* navigation */ = {
			isa = PBXGroup;
			children = (
				D0A3C56027F118B800F0EC5B /* ContentView.swift */,
			);
			path = navigation;
			sourceTree = "<group>";
		};
		D0A3C55227F118B800F0EC5B = {
			isa = PBXGroup;
			children = (
				D0A3C55D27F118B800F0EC5B /* مُختصر */,
				D0A3C55C27F118B800F0EC5B /* Products */,
			);
			sourceTree = "<group>";
		};
		D0A3C55C27F118B800F0EC5B /* Products */ = {
			isa = PBXGroup;
			children = (
				D0A3C55B27F118B800F0EC5B /* مُختصر.app */,
			);
			name = Products;
			sourceTree = "<group>";
		};
		D0A3C55D27F118B800F0EC5B /* مُختصر */ = {
			isa = PBXGroup;
			children = (
				D0A3C55E27F118B800F0EC5B /* ______App.swift */,
				D067D1FB27F4E8D3002ED6C9 /* navigation */,
				D07EC00E27F3C6E9001F61C9 /* HomeView.swift */,
				D067D1F727F4DFCA002ED6C9 /* listitem.swift */,
				D067D20027F4EA7B002ED6C9 /* deta.swift */,
				D07EC00A27F3C476001F61C9 /* DetailView.swift */,
				D0A3C56227F118BB00F0EC5B /* Assets.xcassets */,
				D067D1F927F4E2C1002ED6C9 /* listview.swift */,
				D07EC00C27F3C5C9001F61C9 /* CardView.swift */,
				D0A3C56427F118BB00F0EC5B /* Preview Content */,
			);
			path = "مُختصر";
			sourceTree = "<group>";
		};
		D0A3C56427F118BB00F0EC5B /* Preview Content */ = {
			isa = PBXGroup;
			children = (
				D0A3C56527F118BB00F0EC5B /* Preview Assets.xcassets */,
			);
			path = "Preview Content";
			sourceTree = "<group>";
		};
/* End PBXGroup section */

/* Begin PBXNativeTarget section */
		D0A3C55A27F118B800F0EC5B /* مُختصر */ = {
			isa = PBXNativeTarget;
			buildConfigurationList = D0A3C56927F118BB00F0EC5B /* Build configuration list for PBXNativeTarget "مُختصر" */;
			buildPhases = (
				D0A3C55727F118B800F0EC5B /* Sources */,
				D0A3C55827F118B800F0EC5B /* Frameworks */,
				D0A3C55927F118B800F0EC5B /* Resources */,
			);
			buildRules = (
			);
			dependencies = (
			);
			name = "مُختصر";
			productName = "مُختصر";
			productReference = D0A3C55B27F118B800F0EC5B /* مُختصر.app */;
			productType = "com.apple.product-type.application";
		};
/* End PBXNativeTarget section */

/* Begin PBXProject section */
		D0A3C55327F118B800F0EC5B /* Project object */ = {
			isa = PBXProject;
			attributes = {
				BuildIndependentTargetsInParallel = 1;
				LastSwiftUpdateCheck = 1320;
				LastUpgradeCheck = 1320;
				TargetAttributes = {
					D0A3C55A27F118B800F0EC5B = {
						CreatedOnToolsVersion = 13.2.1;
					};
				};
			};
			buildConfigurationList = D0A3C55627F118B800F0EC5B /* Build configuration list for PBXProject "مُختصر" */;
			compatibilityVersion = "Xcode 13.0";
			developmentRegion = en;
			hasScannedForEncodings = 0;
			knownRegions = (
				en,
				Base,
			);
			mainGroup = D0A3C55227F118B800F0EC5B;
			productRefGroup = D0A3C55C27F118B800F0EC5B /* Products */;
			projectDirPath = "";
			projectRoot = "";
			targets = (
				D0A3C55A27F118B800F0EC5B /* مُختصر */,
			);
		};
/* End PBXProject section */

/* Begin PBXResourcesBuildPhase section */
		D0A3C55927F118B800F0EC5B /* Resources */ = {
			isa = PBXResourcesBuildPhase;
			buildActionMask = 2147483647;
			files = (
				D0A3C56627F118BB00F0EC5B /* Preview Assets.xcassets in Resources */,
				D0A3C56327F118BB00F0EC5B /* Assets.xcassets in Resources */,
			);
			runOnlyForDeploymentPostprocessing = 0;
		};
/* End PBXResourcesBuildPhase section */

/* Begin PBXSourcesBuildPhase section */
		D0A3C55727F118B800F0EC5B /* Sources */ = {
			isa = PBXSourcesBuildPhase;
			buildActionMask = 2147483647;
			files = (
				D0A3C56127F118B800F0EC5B /* ContentView.swift in Sources */,
				D07EC00B27F3C476001F61C9 /* DetailView.swift in Sources */,
				D067D1F827F4DFCA002ED6C9 /* listitem.swift in Sources */,
				D067D20127F4EA7B002ED6C9 /* deta.swift in Sources */,
				D07EC00D27F3C5C9001F61C9 /* CardView.swift in Sources */,
				D07EC00F27F3C6E9001F61C9 /* HomeView.swift in Sources */,
				D067D1FA27F4E2C1002ED6C9 /* listview.swift in Sources */,
				D0A3C55F27F118B800F0EC5B /* ______App.swift in Sources */,
			);
			runOnlyForDeploymentPostprocessing = 0;
		};
/* End PBXSourcesBuildPhase section */

/* Begin XCBuildConfiguration section */
		D0A3C56727F118BB00F0EC5B /* Debug */ = {
			isa = XCBuildConfiguration;
			buildSettings = {
				ALWAYS_SEARCH_USER_PATHS = NO;
				CLANG_ANALYZER_NONNULL = YES;
				CLANG_ANALYZER_NUMBER_OBJECT_CONVERSION = YES_AGGRESSIVE;
				CLANG_CXX_LANGUAGE_STANDARD = "gnu++17";
				CLANG_CXX_LIBRARY = "libc++";
				CLANG_ENABLE_MODULES = YES;
				CLANG_ENABLE_OBJC_ARC = YES;
				CLANG_ENABLE_OBJC_WEAK = YES;
				CLANG_WARN_BLOCK_CAPTURE_AUTORELEASING = YES;
				CLANG_WARN_BOOL_CONVERSION = YES;
				CLANG_WARN_COMMA = YES;
				CLANG_WARN_CONSTANT_CONVERSION = YES;
				CLANG_WARN_DEPRECATED_OBJC_IMPLEMENTATIONS = YES;
				CLANG_WARN_DIRECT_OBJC_ISA_USAGE = YES_ERROR;
				CLANG_WARN_DOCUMENTATION_COMMENTS = YES;
				CLANG_WARN_EMPTY_BODY = YES;
				CLANG_WARN_ENUM_CONVERSION = YES;
				CLANG_WARN_INFINITE_RECURSION = YES;
				CLANG_WARN_INT_CONVERSION = YES;
				CLANG_WARN_NON_LITERAL_NULL_CONVERSION = YES;
				CLANG_WARN_OBJC_IMPLICIT_RETAIN_SELF = YES;
				CLANG_WARN_OBJC_LITERAL_CONVERSION = YES;
				CLANG_WARN_OBJC_ROOT_CLASS = YES_ERROR;
				CLANG_WARN_QUOTED_INCLUDE_IN_FRAMEWORK_HEADER = YES;
				CLANG_WARN_RANGE_LOOP_ANALYSIS = YES;
				CLANG_WARN_STRICT_PROTOTYPES = YES;
				CLANG_WARN_SUSPICIOUS_MOVE = YES;
				CLANG_WARN_UNGUARDED_AVAILABILITY = YES_AGGRESSIVE;
				CLANG_WARN_UNREACHABLE_CODE = YES;
				CLANG_WARN__DUPLICATE_METHOD_MATCH = YES;
				COPY_PHASE_STRIP = NO;
				DEBUG_INFORMATION_FORMAT = dwarf;
				ENABLE_STRICT_OBJC_MSGSEND = YES;
				ENABLE_TESTABILITY = YES;
				GCC_C_LANGUAGE_STANDARD = gnu11;
				GCC_DYNAMIC_NO_PIC = NO;
				GCC_NO_COMMON_BLOCKS = YES;
				GCC_OPTIMIZATION_LEVEL = 0;
				GCC_PREPROCESSOR_DEFINITIONS = (
					"DEBUG=1",
					"$(inherited)",
				);
				GCC_WARN_64_TO_32_BIT_CONVERSION = YES;
				GCC_WARN_ABOUT_RETURN_TYPE = YES_ERROR;
				GCC_WARN_UNDECLARED_SELECTOR = YES;
				GCC_WARN_UNINITIALIZED_AUTOS = YES_AGGRESSIVE;
				GCC_WARN_UNUSED_FUNCTION = YES;
				GCC_WARN_UNUSED_VARIABLE = YES;
				IPHONEOS_DEPLOYMENT_TARGET = 15.2;
				MTL_ENABLE_DEBUG_INFO = INCLUDE_SOURCE;
				MTL_FAST_MATH = YES;
				ONLY_ACTIVE_ARCH = YES;
				SDKROOT = iphoneos;
				SWIFT_ACTIVE_COMPILATION_CONDITIONS = DEBUG;
				SWIFT_OPTIMIZATION_LEVEL = "-Onone";
			};
			name = Debug;
		};
		D0A3C56827F118BB00F0EC5B /* Release */ = {
			isa = XCBuildConfiguration;
			buildSettings = {
				ALWAYS_SEARCH_USER_PATHS = NO;
				CLANG_ANALYZER_NONNULL = YES;
				CLANG_ANALYZER_NUMBER_OBJECT_CONVERSION = YES_AGGRESSIVE;
				CLANG_CXX_LANGUAGE_STANDARD = "gnu++17";
				CLANG_CXX_LIBRARY = "libc++";
				CLANG_ENABLE_MODULES = YES;
				CLANG_ENABLE_OBJC_ARC = YES;
				CLANG_ENABLE_OBJC_WEAK = YES;
				CLANG_WARN_BLOCK_CAPTURE_AUTORELEASING = YES;
				CLANG_WARN_BOOL_CONVERSION = YES;
				CLANG_WARN_COMMA = YES;
				CLANG_WARN_CONSTANT_CONVERSION = YES;
				CLANG_WARN_DEPRECATED_OBJC_IMPLEMENTATIONS = YES;
				CLANG_WARN_DIRECT_OBJC_ISA_USAGE = YES_ERROR;
				CLANG_WARN_DOCUMENTATION_COMMENTS = YES;
				CLANG_WARN_EMPTY_BODY = YES;
				CLANG_WARN_ENUM_CONVERSION = YES;
				CLANG_WARN_INFINITE_RECURSION = YES;
				CLANG_WARN_INT_CONVERSION = YES;
				CLANG_WARN_NON_LITERAL_NULL_CONVERSION = YES;
				CLANG_WARN_OBJC_IMPLICIT_RETAIN_SELF = YES;
				CLANG_WARN_OBJC_LITERAL_CONVERSION = YES;
				CLANG_WARN_OBJC_ROOT_CLASS = YES_ERROR;
				CLANG_WARN_QUOTED_INCLUDE_IN_FRAMEWORK_HEADER = YES;
				CLANG_WARN_RANGE_LOOP_ANALYSIS = YES;
				CLANG_WARN_STRICT_PROTOTYPES = YES;
				CLANG_WARN_SUSPICIOUS_MOVE = YES;
				CLANG_WARN_UNGUARDED_AVAILABILITY = YES_AGGRESSIVE;
				CLANG_WARN_UNREACHABLE_CODE = YES;
				CLANG_WARN__DUPLICATE_METHOD_MATCH = YES;
				COPY_PHASE_STRIP = NO;
				DEBUG_INFORMATION_FORMAT = "dwarf-with-dsym";
				ENABLE_NS_ASSERTIONS = NO;
				ENABLE_STRICT_OBJC_MSGSEND = YES;
				GCC_C_LANGUAGE_STANDARD = gnu11;
				GCC_NO_COMMON_BLOCKS = YES;
				GCC_WARN_64_TO_32_BIT_CONVERSION = YES;
				GCC_WARN_ABOUT_RETURN_TYPE = YES_ERROR;
				GCC_WARN_UNDECLARED_SELECTOR = YES;
				GCC_WARN_UNINITIALIZED_AUTOS = YES_AGGRESSIVE;
				GCC_WARN_UNUSED_FUNCTION = YES;
				GCC_WARN_UNUSED_VARIABLE = YES;
				IPHONEOS_DEPLOYMENT_TARGET = 15.2;
				MTL_ENABLE_DEBUG_INFO = NO;
				MTL_FAST_MATH = YES;
				SDKROOT = iphoneos;
				SWIFT_COMPILATION_MODE = wholemodule;
				SWIFT_OPTIMIZATION_LEVEL = "-O";
				VALIDATE_PRODUCT = YES;
			};
			name = Release;
		};
		D0A3C56A27F118BB00F0EC5B /* Debug */ = {
			isa = XCBuildConfiguration;
			buildSettings = {
				ASSETCATALOG_COMPILER_APPICON_NAME = AppIcon;
				ASSETCATALOG_COMPILER_GLOBAL_ACCENT_COLOR_NAME = AccentColor;
				CODE_SIGN_STYLE = Automatic;
				CURRENT_PROJECT_VERSION = 1;
				DEVELOPMENT_ASSET_PATHS = "\"مُختصر/Preview Content\"";
				ENABLE_PREVIEWS = YES;
				GENERATE_INFOPLIST_FILE = YES;
				INFOPLIST_KEY_UIApplicationSceneManifest_Generation = YES;
				INFOPLIST_KEY_UIApplicationSupportsIndirectInputEvents = YES;
				INFOPLIST_KEY_UILaunchScreen_Generation = YES;
				INFOPLIST_KEY_UISupportedInterfaceOrientations_iPad = "UIInterfaceOrientationPortrait UIInterfaceOrientationPortraitUpsideDown UIInterfaceOrientationLandscapeLeft UIInterfaceOrientationLandscapeRight";
				INFOPLIST_KEY_UISupportedInterfaceOrientations_iPhone = "UIInterfaceOrientationPortrait UIInterfaceOrientationLandscapeLeft UIInterfaceOrientationLandscapeRight";
				LD_RUNPATH_SEARCH_PATHS = (
					"$(inherited)",
					"@executable_path/Frameworks",
				);
				MARKETING_VERSION = 1.0;
				PRODUCT_BUNDLE_IDENTIFIER = "Garby.------";
				PRODUCT_NAME = "$(TARGET_NAME)";
				SWIFT_EMIT_LOC_STRINGS = YES;
				SWIFT_VERSION = 5.0;
				TARGETED_DEVICE_FAMILY = "1,2";
			};
			name = Debug;
		};
		D0A3C56B27F118BB00F0EC5B /* Release */ = {
			isa = XCBuildConfiguration;
			buildSettings = {
				ASSETCATALOG_COMPILER_APPICON_NAME = AppIcon;
				ASSETCATALOG_COMPILER_GLOBAL_ACCENT_COLOR_NAME = AccentColor;
				CODE_SIGN_STYLE = Automatic;
				CURRENT_PROJECT_VERSION = 1;
				DEVELOPMENT_ASSET_PATHS = "\"مُختصر/Preview Content\"";
				ENABLE_PREVIEWS = YES;
				GENERATE_INFOPLIST_FILE = YES;
				INFOPLIST_KEY_UIApplicationSceneManifest_Generation = YES;
				INFOPLIST_KEY_UIApplicationSupportsIndirectInputEvents = YES;
				INFOPLIST_KEY_UILaunchScreen_Generation = YES;
				INFOPLIST_KEY_UISupportedInterfaceOrientations_iPad = "UIInterfaceOrientationPortrait UIInterfaceOrientationPortraitUpsideDown UIInterfaceOrientationLandscapeLeft UIInterfaceOrientationLandscapeRight";
				INFOPLIST_KEY_UISupportedInterfaceOrientations_iPhone = "UIInterfaceOrientationPortrait UIInterfaceOrientationLandscapeLeft UIInterfaceOrientationLandscapeRight";
				LD_RUNPATH_SEARCH_PATHS = (
					"$(inherited)",
					"@executable_path/Frameworks",
				);
				MARKETING_VERSION = 1.0;
				PRODUCT_BUNDLE_IDENTIFIER = "Garby.------";
				PRODUCT_NAME = "$(TARGET_NAME)";
				SWIFT_EMIT_LOC_STRINGS = YES;
				SWIFT_VERSION = 5.0;
				TARGETED_DEVICE_FAMILY = "1,2";
			};
			name = Release;
		};
/* End XCBuildConfiguration section */

/* Begin XCConfigurationList section */
		D0A3C55627F118B800F0EC5B /* Build configuration list for PBXProject "مُختصر" */ = {
			isa = XCConfigurationList;
			buildConfigurations = (
				D0A3C56727F118BB00F0EC5B /* Debug */,
				D0A3C56827F118BB00F0EC5B /* Release */,
			);
			defaultConfigurationIsVisible = 0;
			defaultConfigurationName = Release;
		};
		D0A3C56927F118BB00F0EC5B /* Build configuration list for PBXNativeTarget "مُختصر" */ = {
			isa = XCConfigurationList;
			buildConfigurations = (
				D0A3C56A27F118BB00F0EC5B /* Debug */,
				D0A3C56B27F118BB00F0EC5B /* Release */,
			);
			defaultConfigurationIsVisible = 0;
			defaultConfigurationName = Release;
		};
/* End XCConfigurationList section */
	};
	rootObject = D0A3C55327F118B800F0EC5B /* Project object */;
}
